# This file is automatically @generated by Cargo.
# It is not intended for manual editing.
version = 3

[[package]]
name = "palmerge-cli"
version = "0.1.0"
dependencies = [
 "palmerge-core",
 "palmerge-parser",
]

[[package]]
name = "palmerge-core"
version = "0.1.0"

[[package]]
name = "palmerge-parser"
version = "0.1.0"
dependencies = [
 "palmerge-core",
]

